// !$*UTF8*$!
{
	archiveVersion = 1;
	classes = {
	};
	objectVersion = 55;
	objects = {

/* Begin PBXBuildFile section */
		AB1680CB2866CDD300C9E498 /* Constants.swift in Sources */ = {isa = PBXBuildFile; fileRef = AB1680CA2866CDD300C9E498 /* Constants.swift */; };
		AB1680D72866F0BB00C9E498 /* SwiftUIPager in Frameworks */ = {isa = PBXBuildFile; productRef = AB1680D62866F0BB00C9E498 /* SwiftUIPager */; };
		AB1680D92866F69100C9E498 /* TopCardListView.swift in Sources */ = {isa = PBXBuildFile; fileRef = AB1680D82866F69100C9E498 /* TopCardListView.swift */; };
		AB1680DF28672B1000C9E498 /* DownloadButtonStack.swift in Sources */ = {isa = PBXBuildFile; fileRef = AB1680DE28672B1000C9E498 /* DownloadButtonStack.swift */; };
		AB1680E128672DF200C9E498 /* SmallAppInfoView.swift in Sources */ = {isa = PBXBuildFile; fileRef = AB1680E028672DF200C9E498 /* SmallAppInfoView.swift */; };
		AB1680E32867336100C9E498 /* RandomImage.swift in Sources */ = {isa = PBXBuildFile; fileRef = AB1680E22867336100C9E498 /* RandomImage.swift */; };
		AB1680F1286761D700C9E498 /* AppInfoColumnView.swift in Sources */ = {isa = PBXBuildFile; fileRef = AB1680F0286761D700C9E498 /* AppInfoColumnView.swift */; };
		AB1680F3286763EE00C9E498 /* AppInfoListView.swift in Sources */ = {isa = PBXBuildFile; fileRef = AB1680F2286763EE00C9E498 /* AppInfoListView.swift */; };
		AB1680F52867698C00C9E498 /* AppIdWithIndex.swift in Sources */ = {isa = PBXBuildFile; fileRef = AB1680F42867698C00C9E498 /* AppIdWithIndex.swift */; };
		AB1936B6286877A100D0D941 /* MediumAppInfoView.swift in Sources */ = {isa = PBXBuildFile; fileRef = AB1936B5286877A100D0D941 /* MediumAppInfoView.swift */; };
		AB1936C12868A2FF00D0D941 /* SectionTemplate.swift in Sources */ = {isa = PBXBuildFile; fileRef = AB1936C02868A2FF00D0D941 /* SectionTemplate.swift */; };
		AB47F13E286436A0003A0195 /* AppStoreCloneApp.swift in Sources */ = {isa = PBXBuildFile; fileRef = AB47F13D286436A0003A0195 /* AppStoreCloneApp.swift */; };
		AB47F140286436A0003A0195 /* ContentView.swift in Sources */ = {isa = PBXBuildFile; fileRef = AB47F13F286436A0003A0195 /* ContentView.swift */; };
		AB47F142286436A0003A0195 /* Assets.xcassets in Resources */ = {isa = PBXBuildFile; fileRef = AB47F141286436A0003A0195 /* Assets.xcassets */; };
		AB47F145286436A0003A0195 /* Preview Assets.xcassets in Resources */ = {isa = PBXBuildFile; fileRef = AB47F144286436A0003A0195 /* Preview Assets.xcassets */; };
		AB47F14E286437B7003A0195 /* .swiftlint.yml in Resources */ = {isa = PBXBuildFile; fileRef = AB47F14D286437B7003A0195 /* .swiftlint.yml */; };
		AB47F15428644356003A0195 /* TopCardView.swift in Sources */ = {isa = PBXBuildFile; fileRef = AB47F15328644356003A0195 /* TopCardView.swift */; };
		ABAF84582865D8F0000663D1 /* AppInfo.swift in Sources */ = {isa = PBXBuildFile; fileRef = ABAF84572865D8F0000663D1 /* AppInfo.swift */; };
		ABAF845E286616C4000663D1 /* TopCardAppInfo.swift in Sources */ = {isa = PBXBuildFile; fileRef = ABAF845D286616C4000663D1 /* TopCardAppInfo.swift */; };
		ABFA2B4B2869BDCE000330F0 /* MediumCardView.swift in Sources */ = {isa = PBXBuildFile; fileRef = ABFA2B4A2869BDCE000330F0 /* MediumCardView.swift */; };
/* End PBXBuildFile section */

/* Begin PBXFileReference section */
		AB1680CA2866CDD300C9E498 /* Constants.swift */ = {isa = PBXFileReference; lastKnownFileType = sourcecode.swift; path = Constants.swift; sourceTree = "<group>"; };
		AB1680D82866F69100C9E498 /* TopCardListView.swift */ = {isa = PBXFileReference; lastKnownFileType = sourcecode.swift; path = TopCardListView.swift; sourceTree = "<group>"; };
		AB1680DE28672B1000C9E498 /* DownloadButtonStack.swift */ = {isa = PBXFileReference; lastKnownFileType = sourcecode.swift; path = DownloadButtonStack.swift; sourceTree = "<group>"; };
		AB1680E028672DF200C9E498 /* SmallAppInfoView.swift */ = {isa = PBXFileReference; lastKnownFileType = sourcecode.swift; path = SmallAppInfoView.swift; sourceTree = "<group>"; };
		AB1680E22867336100C9E498 /* RandomImage.swift */ = {isa = PBXFileReference; lastKnownFileType = sourcecode.swift; path = RandomImage.swift; sourceTree = "<group>"; };
		AB1680F0286761D700C9E498 /* AppInfoColumnView.swift */ = {isa = PBXFileReference; lastKnownFileType = sourcecode.swift; path = AppInfoColumnView.swift; sourceTree = "<group>"; };
		AB1680F2286763EE00C9E498 /* AppInfoListView.swift */ = {isa = PBXFileReference; lastKnownFileType = sourcecode.swift; path = AppInfoListView.swift; sourceTree = "<group>"; };
		AB1680F42867698C00C9E498 /* AppIdWithIndex.swift */ = {isa = PBXFileReference; lastKnownFileType = sourcecode.swift; path = AppIdWithIndex.swift; sourceTree = "<group>"; };
		AB1936B5286877A100D0D941 /* MediumAppInfoView.swift */ = {isa = PBXFileReference; lastKnownFileType = sourcecode.swift; path = MediumAppInfoView.swift; sourceTree = "<group>"; };
		AB1936C02868A2FF00D0D941 /* SectionTemplate.swift */ = {isa = PBXFileReference; lastKnownFileType = sourcecode.swift; path = SectionTemplate.swift; sourceTree = "<group>"; };
		AB47F13A286436A0003A0195 /* AppStoreClone.app */ = {isa = PBXFileReference; explicitFileType = wrapper.application; includeInIndex = 0; path = AppStoreClone.app; sourceTree = BUILT_PRODUCTS_DIR; };
		AB47F13D286436A0003A0195 /* AppStoreCloneApp.swift */ = {isa = PBXFileReference; lastKnownFileType = sourcecode.swift; path = AppStoreCloneApp.swift; sourceTree = "<group>"; };
		AB47F13F286436A0003A0195 /* ContentView.swift */ = {isa = PBXFileReference; lastKnownFileType = sourcecode.swift; path = ContentView.swift; sourceTree = "<group>"; };
		AB47F141286436A0003A0195 /* Assets.xcassets */ = {isa = PBXFileReference; lastKnownFileType = folder.assetcatalog; path = Assets.xcassets; sourceTree = "<group>"; };
		AB47F144286436A0003A0195 /* Preview Assets.xcassets */ = {isa = PBXFileReference; lastKnownFileType = folder.assetcatalog; path = "Preview Assets.xcassets"; sourceTree = "<group>"; };
		AB47F14D286437B7003A0195 /* .swiftlint.yml */ = {isa = PBXFileReference; lastKnownFileType = text.yaml; path = .swiftlint.yml; sourceTree = "<group>"; };
		AB47F15328644356003A0195 /* TopCardView.swift */ = {isa = PBXFileReference; lastKnownFileType = sourcecode.swift; path = TopCardView.swift; sourceTree = "<group>"; };
		ABAF84572865D8F0000663D1 /* AppInfo.swift */ = {isa = PBXFileReference; lastKnownFileType = sourcecode.swift; path = AppInfo.swift; sourceTree = "<group>"; };
		ABAF845D286616C4000663D1 /* TopCardAppInfo.swift */ = {isa = PBXFileReference; lastKnownFileType = sourcecode.swift; path = TopCardAppInfo.swift; sourceTree = "<group>"; };
		ABFA2B4A2869BDCE000330F0 /* MediumCardView.swift */ = {isa = PBXFileReference; lastKnownFileType = sourcecode.swift; path = MediumCardView.swift; sourceTree = "<group>"; };
/* End PBXFileReference section */

/* Begin PBXFrameworksBuildPhase section */
		AB47F137286436A0003A0195 /* Frameworks */ = {
			isa = PBXFrameworksBuildPhase;
			buildActionMask = 2147483647;
			files = (
				AB1680D72866F0BB00C9E498 /* SwiftUIPager in Frameworks */,
			);
			runOnlyForDeploymentPostprocessing = 0;
		};
/* End PBXFrameworksBuildPhase section */

/* Begin PBXGroup section */
		AB1936BE2868A26F00D0D941 /* TopCardListView */ = {
			isa = PBXGroup;
			children = (
				AB47F15328644356003A0195 /* TopCardView.swift */,
				AB1680D82866F69100C9E498 /* TopCardListView.swift */,
			);
			path = TopCardListView;
			sourceTree = "<group>";
		};
		AB1936BF2868A28B00D0D941 /* AppInfoListView */ = {
			isa = PBXGroup;
			children = (
				AB1680E028672DF200C9E498 /* SmallAppInfoView.swift */,
				AB1936B5286877A100D0D941 /* MediumAppInfoView.swift */,
				AB1680F0286761D700C9E498 /* AppInfoColumnView.swift */,
				AB1680F2286763EE00C9E498 /* AppInfoListView.swift */,
			);
			path = AppInfoListView;
			sourceTree = "<group>";
		};
		AB47F131286436A0003A0195 = {
			isa = PBXGroup;
			children = (
				AB47F13C286436A0003A0195 /* AppStoreClone */,
				AB47F13B286436A0003A0195 /* Products */,
			);
			sourceTree = "<group>";
		};
		AB47F13B286436A0003A0195 /* Products */ = {
			isa = PBXGroup;
			children = (
				AB47F13A286436A0003A0195 /* AppStoreClone.app */,
			);
			name = Products;
			sourceTree = "<group>";
		};
		AB47F13C286436A0003A0195 /* AppStoreClone */ = {
			isa = PBXGroup;
			children = (
				ABAF84562865D8E5000663D1 /* Model */,
				AB47F152286442AA003A0195 /* View */,
				AB47F13D286436A0003A0195 /* AppStoreCloneApp.swift */,
				AB47F13F286436A0003A0195 /* ContentView.swift */,
				AB47F141286436A0003A0195 /* Assets.xcassets */,
				AB47F143286436A0003A0195 /* Preview Content */,
				AB47F14D286437B7003A0195 /* .swiftlint.yml */,
			);
			path = AppStoreClone;
			sourceTree = "<group>";
		};
		AB47F143286436A0003A0195 /* Preview Content */ = {
			isa = PBXGroup;
			children = (
				AB47F144286436A0003A0195 /* Preview Assets.xcassets */,
			);
			path = "Preview Content";
			sourceTree = "<group>";
		};
		AB47F152286442AA003A0195 /* View */ = {
			isa = PBXGroup;
			children = (
				AB1680E22867336100C9E498 /* RandomImage.swift */,
				AB1680DE28672B1000C9E498 /* DownloadButtonStack.swift */,
				AB1936C02868A2FF00D0D941 /* SectionTemplate.swift */,
				AB1936BF2868A28B00D0D941 /* AppInfoListView */,
				AB1936BE2868A26F00D0D941 /* TopCardListView */,
				ABFA2B492869BD9C000330F0 /* MediumCardListView */,
			);
			path = View;
			sourceTree = "<group>";
		};
		ABAF84562865D8E5000663D1 /* Model */ = {
			isa = PBXGroup;
			children = (
				ABAF84572865D8F0000663D1 /* AppInfo.swift */,
				ABAF845D286616C4000663D1 /* TopCardAppInfo.swift */,
				AB1680CA2866CDD300C9E498 /* Constants.swift */,
				AB1680F42867698C00C9E498 /* AppIdWithIndex.swift */,
			);
			path = Model;
			sourceTree = "<group>";
		};
		ABFA2B492869BD9C000330F0 /* MediumCardListView */ = {
			isa = PBXGroup;
			children = (
				ABFA2B4A2869BDCE000330F0 /* MediumCardView.swift */,
			);
			path = MediumCardListView;
			sourceTree = "<group>";
		};
/* End PBXGroup section */

/* Begin PBXNativeTarget section */
		AB47F139286436A0003A0195 /* AppStoreClone */ = {
			isa = PBXNativeTarget;
			buildConfigurationList = AB47F148286436A0003A0195 /* Build configuration list for PBXNativeTarget "AppStoreClone" */;
			buildPhases = (
				AB47F14C2864376A003A0195 /* SwiftLint Script */,
				AB47F136286436A0003A0195 /* Sources */,
				AB47F137286436A0003A0195 /* Frameworks */,
				AB47F138286436A0003A0195 /* Resources */,
			);
			buildRules = (
			);
			dependencies = (
			);
			name = AppStoreClone;
			packageProductDependencies = (
				AB1680D62866F0BB00C9E498 /* SwiftUIPager */,
			);
			productName = AppStoreClone;
			productReference = AB47F13A286436A0003A0195 /* AppStoreClone.app */;
			productType = "com.apple.product-type.application";
		};
/* End PBXNativeTarget section */

/* Begin PBXProject section */
		AB47F132286436A0003A0195 /* Project object */ = {
			isa = PBXProject;
			attributes = {
				BuildIndependentTargetsInParallel = 1;
				LastSwiftUpdateCheck = 1340;
				LastUpgradeCheck = 1340;
				TargetAttributes = {
					AB47F139286436A0003A0195 = {
						CreatedOnToolsVersion = 13.4.1;
					};
				};
			};
			buildConfigurationList = AB47F135286436A0003A0195 /* Build configuration list for PBXProject "AppStoreClone" */;
			compatibilityVersion = "Xcode 13.0";
			developmentRegion = en;
			hasScannedForEncodings = 0;
			knownRegions = (
				en,
				Base,
			);
			mainGroup = AB47F131286436A0003A0195;
			packageReferences = (
				AB1680D52866F0BB00C9E498 /* XCRemoteSwiftPackageReference "SwiftUIPager" */,
			);
			productRefGroup = AB47F13B286436A0003A0195 /* Products */;
			projectDirPath = "";
			projectRoot = "";
			targets = (
				AB47F139286436A0003A0195 /* AppStoreClone */,
			);
		};
/* End PBXProject section */

/* Begin PBXResourcesBuildPhase section */
		AB47F138286436A0003A0195 /* Resources */ = {
			isa = PBXResourcesBuildPhase;
			buildActionMask = 2147483647;
			files = (
				AB47F14E286437B7003A0195 /* .swiftlint.yml in Resources */,
				AB47F145286436A0003A0195 /* Preview Assets.xcassets in Resources */,
				AB47F142286436A0003A0195 /* Assets.xcassets in Resources */,
			);
			runOnlyForDeploymentPostprocessing = 0;
		};
/* End PBXResourcesBuildPhase section */

/* Begin PBXShellScriptBuildPhase section */
		AB47F14C2864376A003A0195 /* SwiftLint Script */ = {
			isa = PBXShellScriptBuildPhase;
			buildActionMask = 2147483647;
			files = (
			);
			inputFileListPaths = (
			);
			inputPaths = (
			);
			name = "SwiftLint Script";
			outputFileListPaths = (
			);
			outputPaths = (
			);
			runOnlyForDeploymentPostprocessing = 0;
			shellPath = /bin/sh;
			shellScript = "# Type a script or drag a script file from your workspace to insert its path.\nexport PATH=\"$PATH:/opt/homebrew/bin\"\nif which swiftlint > /dev/null; then\n  swiftlint\nelse\n  echo \"warning: SwiftLint not installed, download from https://github.com/realm/SwiftLint\"\nfi\n";
		};
/* End PBXShellScriptBuildPhase section */

/* Begin PBXSourcesBuildPhase section */
		AB47F136286436A0003A0195 /* Sources */ = {
			isa = PBXSourcesBuildPhase;
			buildActionMask = 2147483647;
			files = (
				AB1680E128672DF200C9E498 /* SmallAppInfoView.swift in Sources */,
				AB47F15428644356003A0195 /* TopCardView.swift in Sources */,
				AB1680F3286763EE00C9E498 /* AppInfoListView.swift in Sources */,
				ABAF84582865D8F0000663D1 /* AppInfo.swift in Sources */,
				AB1680F1286761D700C9E498 /* AppInfoColumnView.swift in Sources */,
				ABFA2B4B2869BDCE000330F0 /* MediumCardView.swift in Sources */,
				AB47F140286436A0003A0195 /* ContentView.swift in Sources */,
				AB1680E32867336100C9E498 /* RandomImage.swift in Sources */,
				AB1936B6286877A100D0D941 /* MediumAppInfoView.swift in Sources */,
				AB1680DF28672B1000C9E498 /* DownloadButtonStack.swift in Sources */,
				ABAF845E286616C4000663D1 /* TopCardAppInfo.swift in Sources */,
				AB47F13E286436A0003A0195 /* AppStoreCloneApp.swift in Sources */,
				AB1680F52867698C00C9E498 /* AppIdWithIndex.swift in Sources */,
				AB1936C12868A2FF00D0D941 /* SectionTemplate.swift in Sources */,
				AB1680CB2866CDD300C9E498 /* Constants.swift in Sources */,
				AB1680D92866F69100C9E498 /* TopCardListView.swift in Sources */,
			);
			runOnlyForDeploymentPostprocessing = 0;
		};
/* End PBXSourcesBuildPhase section */

/* Begin XCBuildConfiguration section */
		AB47F146286436A0003A0195 /* Debug */ = {
			isa = XCBuildConfiguration;
			buildSettings = {
				ALWAYS_SEARCH_USER_PATHS = NO;
				CLANG_ANALYZER_NONNULL = YES;
				CLANG_ANALYZER_NUMBER_OBJECT_CONVERSION = YES_AGGRESSIVE;
				CLANG_CXX_LANGUAGE_STANDARD = "gnu++17";
				CLANG_ENABLE_MODULES = YES;
				CLANG_ENABLE_OBJC_ARC = YES;
				CLANG_ENABLE_OBJC_WEAK = YES;
				CLANG_WARN_BLOCK_CAPTURE_AUTORELEASING = YES;
				CLANG_WARN_BOOL_CONVERSION = YES;
				CLANG_WARN_COMMA = YES;
				CLANG_WARN_CONSTANT_CONVERSION = YES;
				CLANG_WARN_DEPRECATED_OBJC_IMPLEMENTATIONS = YES;
				CLANG_WARN_DIRECT_OBJC_ISA_USAGE = YES_ERROR;
				CLANG_WARN_DOCUMENTATION_COMMENTS = YES;
				CLANG_WARN_EMPTY_BODY = YES;
				CLANG_WARN_ENUM_CONVERSION = YES;
				CLANG_WARN_INFINITE_RECURSION = YES;
				CLANG_WARN_INT_CONVERSION = YES;
				CLANG_WARN_NON_LITERAL_NULL_CONVERSION = YES;
				CLANG_WARN_OBJC_IMPLICIT_RETAIN_SELF = YES;
				CLANG_WARN_OBJC_LITERAL_CONVERSION = YES;
				CLANG_WARN_OBJC_ROOT_CLASS = YES_ERROR;
				CLANG_WARN_QUOTED_INCLUDE_IN_FRAMEWORK_HEADER = YES;
				CLANG_WARN_RANGE_LOOP_ANALYSIS = YES;
				CLANG_WARN_STRICT_PROTOTYPES = YES;
				CLANG_WARN_SUSPICIOUS_MOVE = YES;
				CLANG_WARN_UNGUARDED_AVAILABILITY = YES_AGGRESSIVE;
				CLANG_WARN_UNREACHABLE_CODE = YES;
				CLANG_WARN__DUPLICATE_METHOD_MATCH = YES;
				COPY_PHASE_STRIP = NO;
				DEBUG_INFORMATION_FORMAT = dwarf;
				ENABLE_STRICT_OBJC_MSGSEND = YES;
				ENABLE_TESTABILITY = YES;
				GCC_C_LANGUAGE_STANDARD = gnu11;
				GCC_DYNAMIC_NO_PIC = NO;
				GCC_NO_COMMON_BLOCKS = YES;
				GCC_OPTIMIZATION_LEVEL = 0;
				GCC_PREPROCESSOR_DEFINITIONS = (
					"DEBUG=1",
					"$(inherited)",
				);
				GCC_WARN_64_TO_32_BIT_CONVERSION = YES;
				GCC_WARN_ABOUT_RETURN_TYPE = YES_ERROR;
				GCC_WARN_UNDECLARED_SELECTOR = YES;
				GCC_WARN_UNINITIALIZED_AUTOS = YES_AGGRESSIVE;
				GCC_WARN_UNUSED_FUNCTION = YES;
				GCC_WARN_UNUSED_VARIABLE = YES;
				IPHONEOS_DEPLOYMENT_TARGET = 15.5;
				MTL_ENABLE_DEBUG_INFO = INCLUDE_SOURCE;
				MTL_FAST_MATH = YES;
				ONLY_ACTIVE_ARCH = YES;
				SDKROOT = iphoneos;
				SWIFT_ACTIVE_COMPILATION_CONDITIONS = DEBUG;
				SWIFT_OPTIMIZATION_LEVEL = "-Onone";
			};
			name = Debug;
		};
		AB47F147286436A0003A0195 /* Release */ = {
			isa = XCBuildConfiguration;
			buildSettings = {
				ALWAYS_SEARCH_USER_PATHS = NO;
				CLANG_ANALYZER_NONNULL = YES;
				CLANG_ANALYZER_NUMBER_OBJECT_CONVERSION = YES_AGGRESSIVE;
				CLANG_CXX_LANGUAGE_STANDARD = "gnu++17";
				CLANG_ENABLE_MODULES = YES;
				CLANG_ENABLE_OBJC_ARC = YES;
				CLANG_ENABLE_OBJC_WEAK = YES;
				CLANG_WARN_BLOCK_CAPTURE_AUTORELEASING = YES;
				CLANG_WARN_BOOL_CONVERSION = YES;
				CLANG_WARN_COMMA = YES;
				CLANG_WARN_CONSTANT_CONVERSION = YES;
				CLANG_WARN_DEPRECATED_OBJC_IMPLEMENTATIONS = YES;
				CLANG_WARN_DIRECT_OBJC_ISA_USAGE = YES_ERROR;
				CLANG_WARN_DOCUMENTATION_COMMENTS = YES;
				CLANG_WARN_EMPTY_BODY = YES;
				CLANG_WARN_ENUM_CONVERSION = YES;
				CLANG_WARN_INFINITE_RECURSION = YES;
				CLANG_WARN_INT_CONVERSION = YES;
				CLANG_WARN_NON_LITERAL_NULL_CONVERSION = YES;
				CLANG_WARN_OBJC_IMPLICIT_RETAIN_SELF = YES;
				CLANG_WARN_OBJC_LITERAL_CONVERSION = YES;
				CLANG_WARN_OBJC_ROOT_CLASS = YES_ERROR;
				CLANG_WARN_QUOTED_INCLUDE_IN_FRAMEWORK_HEADER = YES;
				CLANG_WARN_RANGE_LOOP_ANALYSIS = YES;
				CLANG_WARN_STRICT_PROTOTYPES = YES;
				CLANG_WARN_SUSPICIOUS_MOVE = YES;
				CLANG_WARN_UNGUARDED_AVAILABILITY = YES_AGGRESSIVE;
				CLANG_WARN_UNREACHABLE_CODE = YES;
				CLANG_WARN__DUPLICATE_METHOD_MATCH = YES;
				COPY_PHASE_STRIP = NO;
				DEBUG_INFORMATION_FORMAT = "dwarf-with-dsym";
				ENABLE_NS_ASSERTIONS = NO;
				ENABLE_STRICT_OBJC_MSGSEND = YES;
				GCC_C_LANGUAGE_STANDARD = gnu11;
				GCC_NO_COMMON_BLOCKS = YES;
				GCC_WARN_64_TO_32_BIT_CONVERSION = YES;
				GCC_WARN_ABOUT_RETURN_TYPE = YES_ERROR;
				GCC_WARN_UNDECLARED_SELECTOR = YES;
				GCC_WARN_UNINITIALIZED_AUTOS = YES_AGGRESSIVE;
				GCC_WARN_UNUSED_FUNCTION = YES;
				GCC_WARN_UNUSED_VARIABLE = YES;
				IPHONEOS_DEPLOYMENT_TARGET = 15.5;
				MTL_ENABLE_DEBUG_INFO = NO;
				MTL_FAST_MATH = YES;
				SDKROOT = iphoneos;
				SWIFT_COMPILATION_MODE = wholemodule;
				SWIFT_OPTIMIZATION_LEVEL = "-O";
				VALIDATE_PRODUCT = YES;
			};
			name = Release;
		};
		AB47F149286436A0003A0195 /* Debug */ = {
			isa = XCBuildConfiguration;
			buildSettings = {
				ASSETCATALOG_COMPILER_APPICON_NAME = AppIcon;
				ASSETCATALOG_COMPILER_GLOBAL_ACCENT_COLOR_NAME = AccentColor;
				CODE_SIGN_STYLE = Automatic;
				CURRENT_PROJECT_VERSION = 1;
				DEVELOPMENT_ASSET_PATHS = "\"AppStoreClone/Preview Content\"";
				DEVELOPMENT_TEAM = NJ396FQTK4;
				ENABLE_PREVIEWS = YES;
				GENERATE_INFOPLIST_FILE = YES;
				INFOPLIST_KEY_UIApplicationSceneManifest_Generation = YES;
				INFOPLIST_KEY_UIApplicationSupportsIndirectInputEvents = YES;
				INFOPLIST_KEY_UILaunchScreen_Generation = YES;
				INFOPLIST_KEY_UISupportedInterfaceOrientations_iPad = "UIInterfaceOrientationPortrait UIInterfaceOrientationPortraitUpsideDown UIInterfaceOrientationLandscapeLeft UIInterfaceOrientationLandscapeRight";
				INFOPLIST_KEY_UISupportedInterfaceOrientations_iPhone = "UIInterfaceOrientationPortrait UIInterfaceOrientationLandscapeLeft UIInterfaceOrientationLandscapeRight";
				LD_RUNPATH_SEARCH_PATHS = (
					"$(inherited)",
					"@executable_path/Frameworks",
				);
				MARKETING_VERSION = 1.0;
				PRODUCT_BUNDLE_IDENTIFIER = com.namegeon.AppStoreClone;
				PRODUCT_NAME = "$(TARGET_NAME)";
				SWIFT_EMIT_LOC_STRINGS = YES;
				SWIFT_VERSION = 5.0;
				TARGETED_DEVICE_FAMILY = "1,2";
			};
			name = Debug;
		};
		AB47F14A286436A0003A0195 /* Release */ = {
			isa = XCBuildConfiguration;
			buildSettings = {
				ASSETCATALOG_COMPILER_APPICON_NAME = AppIcon;
				ASSETCATALOG_COMPILER_GLOBAL_ACCENT_COLOR_NAME = AccentColor;
				CODE_SIGN_STYLE = Automatic;
				CURRENT_PROJECT_VERSION = 1;
				DEVELOPMENT_ASSET_PATHS = "\"AppStoreClone/Preview Content\"";
				DEVELOPMENT_TEAM = NJ396FQTK4;
				ENABLE_PREVIEWS = YES;
				GENERATE_INFOPLIST_FILE = YES;
				INFOPLIST_KEY_UIApplicationSceneManifest_Generation = YES;
				INFOPLIST_KEY_UIApplicationSupportsIndirectInputEvents = YES;
				INFOPLIST_KEY_UILaunchScreen_Generation = YES;
				INFOPLIST_KEY_UISupportedInterfaceOrientations_iPad = "UIInterfaceOrientationPortrait UIInterfaceOrientationPortraitUpsideDown UIInterfaceOrientationLandscapeLeft UIInterfaceOrientationLandscapeRight";
				INFOPLIST_KEY_UISupportedInterfaceOrientations_iPhone = "UIInterfaceOrientationPortrait UIInterfaceOrientationLandscapeLeft UIInterfaceOrientationLandscapeRight";
				LD_RUNPATH_SEARCH_PATHS = (
					"$(inherited)",
					"@executable_path/Frameworks",
				);
				MARKETING_VERSION = 1.0;
				PRODUCT_BUNDLE_IDENTIFIER = com.namegeon.AppStoreClone;
				PRODUCT_NAME = "$(TARGET_NAME)";
				SWIFT_EMIT_LOC_STRINGS = YES;
				SWIFT_VERSION = 5.0;
				TARGETED_DEVICE_FAMILY = "1,2";
			};
			name = Release;
		};
/* End XCBuildConfiguration section */

/* Begin XCConfigurationList section */
		AB47F135286436A0003A0195 /* Build configuration list for PBXProject "AppStoreClone" */ = {
			isa = XCConfigurationList;
			buildConfigurations = (
				AB47F146286436A0003A0195 /* Debug */,
				AB47F147286436A0003A0195 /* Release */,
			);
			defaultConfigurationIsVisible = 0;
			defaultConfigurationName = Release;
		};
		AB47F148286436A0003A0195 /* Build configuration list for PBXNativeTarget "AppStoreClone" */ = {
			isa = XCConfigurationList;
			buildConfigurations = (
				AB47F149286436A0003A0195 /* Debug */,
				AB47F14A286436A0003A0195 /* Release */,
			);
			defaultConfigurationIsVisible = 0;
			defaultConfigurationName = Release;
		};
/* End XCConfigurationList section */

/* Begin XCRemoteSwiftPackageReference section */
		AB1680D52866F0BB00C9E498 /* XCRemoteSwiftPackageReference "SwiftUIPager" */ = {
			isa = XCRemoteSwiftPackageReference;
			repositoryURL = "https://github.com/fermoya/SwiftUIPager.git";
			requirement = {
				kind = upToNextMajorVersion;
				minimumVersion = 2.0.0;
			};
		};
/* End XCRemoteSwiftPackageReference section */

/* Begin XCSwiftPackageProductDependency section */
		AB1680D62866F0BB00C9E498 /* SwiftUIPager */ = {
			isa = XCSwiftPackageProductDependency;
			package = AB1680D52866F0BB00C9E498 /* XCRemoteSwiftPackageReference "SwiftUIPager" */;
			productName = SwiftUIPager;
		};
/* End XCSwiftPackageProductDependency section */
	};
	rootObject = AB47F132286436A0003A0195 /* Project object */;
}
